
Microsoft Visual Studio Solution File, Format Version 12.00
# Visual Studio Version 17
VisualStudioVersion = 17.11.35222.181
MinimumVisualStudioVersion = 10.0.40219.1
Project("{FAE04EC0-301F-11D3-BF4B-00C04F79EFBC}") = "MvcStok", "MvcStok\MvcStok.csproj", "{B26C28BB-4BBA-4701-A324-C3804E18828E}"
EndProject
Global
	GlobalSection(SolutionConfigurationPlatforms) = preSolution
		Debug|Any CPU = Debug|Any CPU
		Release|Any CPU = Release|Any CPU
	EndGlobalSection
	GlobalSection(ProjectConfigurationPlatforms) = postSolution
		{B26C28BB-4BBA-4701-A324-C3804E18828E}.Debug|Any CPU.ActiveCfg = Debug|Any CPU
		{B26C28BB-4BBA-4701-A324-C3804E18828E}.Debug|Any CPU.Build.0 = Debug|Any CPU
		{B26C28BB-4BBA-4701-A324-C3804E18828E}.Release|Any CPU.ActiveCfg = Release|Any CPU
		{B26C28BB-4BBA-4701-A324-C3804E18828E}.Release|Any CPU.Build.0 = Release|Any CPU
	EndGlobalSection
	GlobalSection(SolutionProperties) = preSolution
		HideSolutionNode = FALSE
	EndGlobalSection
	GlobalSection(ExtensibilityGlobals) = postSolution
		SolutionGuid = {EFB0C7E6-FEE4-45EA-9704-AE0981F471FA}
	EndGlobalSection
EndGlobal
